
Microsoft Visual Studio Solution File, Format Version 12.00
# Visual Studio Version 17
VisualStudioVersion = 17.0.31903.59
MinimumVisualStudioVersion = 10.0.40219.1
Project("{2150E333-8FDC-42A3-9474-1A3956D46DE8}") = "DataStructures", "DataStructures", "{B907383F-AD22-4341-9E78-7B383E8379D7}"
EndProject
Project("{2150E333-8FDC-42A3-9474-1A3956D46DE8}") = "Challange01", "Challange01", "{3139675D-2CED-4012-8DED-2F722293DEEF}"
EndProject
Project("{FAE04EC0-301F-11D3-BF4B-00C04F79EFBC}") = "Challange01", "DataStructures\Challange01\Challange01\Challange01.csproj", "{290D1D4A-3854-4C40-879C-8D30E93B5EC8}"
EndProject
Project("{FAE04EC0-301F-11D3-BF4B-00C04F79EFBC}") = "Challange02", "DataStructures\Challange02\Challange02.csproj", "{E6931E12-D6EF-41AA-BB6C-E070B8272F09}"
EndProject
Project("{FAE04EC0-301F-11D3-BF4B-00C04F79EFBC}") = "Challange03", "DataStructures\Challange03\Challange03.csproj", "{E234CC8C-46A7-4149-A6F9-31165D384B7B}"
EndProject
Global
	GlobalSection(SolutionConfigurationPlatforms) = preSolution
		Debug|Any CPU = Debug|Any CPU
		Release|Any CPU = Release|Any CPU
	EndGlobalSection
	GlobalSection(SolutionProperties) = preSolution
		HideSolutionNode = FALSE
	EndGlobalSection
	GlobalSection(ProjectConfigurationPlatforms) = postSolution
		{290D1D4A-3854-4C40-879C-8D30E93B5EC8}.Debug|Any CPU.ActiveCfg = Debug|Any CPU
		{290D1D4A-3854-4C40-879C-8D30E93B5EC8}.Debug|Any CPU.Build.0 = Debug|Any CPU
		{290D1D4A-3854-4C40-879C-8D30E93B5EC8}.Release|Any CPU.ActiveCfg = Release|Any CPU
		{290D1D4A-3854-4C40-879C-8D30E93B5EC8}.Release|Any CPU.Build.0 = Release|Any CPU
		{E6931E12-D6EF-41AA-BB6C-E070B8272F09}.Debug|Any CPU.ActiveCfg = Debug|Any CPU
		{E6931E12-D6EF-41AA-BB6C-E070B8272F09}.Debug|Any CPU.Build.0 = Debug|Any CPU
		{E6931E12-D6EF-41AA-BB6C-E070B8272F09}.Release|Any CPU.ActiveCfg = Release|Any CPU
		{E6931E12-D6EF-41AA-BB6C-E070B8272F09}.Release|Any CPU.Build.0 = Release|Any CPU
		{E234CC8C-46A7-4149-A6F9-31165D384B7B}.Debug|Any CPU.ActiveCfg = Debug|Any CPU
		{E234CC8C-46A7-4149-A6F9-31165D384B7B}.Debug|Any CPU.Build.0 = Debug|Any CPU
		{E234CC8C-46A7-4149-A6F9-31165D384B7B}.Release|Any CPU.ActiveCfg = Release|Any CPU
		{E234CC8C-46A7-4149-A6F9-31165D384B7B}.Release|Any CPU.Build.0 = Release|Any CPU
	EndGlobalSection
	GlobalSection(NestedProjects) = preSolution
		{3139675D-2CED-4012-8DED-2F722293DEEF} = {B907383F-AD22-4341-9E78-7B383E8379D7}
		{290D1D4A-3854-4C40-879C-8D30E93B5EC8} = {3139675D-2CED-4012-8DED-2F722293DEEF}
		{E6931E12-D6EF-41AA-BB6C-E070B8272F09} = {B907383F-AD22-4341-9E78-7B383E8379D7}
		{E234CC8C-46A7-4149-A6F9-31165D384B7B} = {B907383F-AD22-4341-9E78-7B383E8379D7}
	EndGlobalSection
EndGlobal
